
Microsoft Visual Studio Solution File, Format Version 12.00
# Visual Studio Version 17
VisualStudioVersion = 17.3.32929.385
MinimumVisualStudioVersion = 10.0.40219.1
Project("{FAE04EC0-301F-11D3-BF4B-00C04F79EFBC}") = "save manager", "save manager\save manager.csproj", "{712DD90F-6E86-4BFA-9A9E-DF5764E99653}"
EndProject
Global
	GlobalSection(SolutionConfigurationPlatforms) = preSolution
		Debug|Any CPU = Debug|Any CPU
		Release|Any CPU = Release|Any CPU
	EndGlobalSection
	GlobalSection(ProjectConfigurationPlatforms) = postSolution
		{712DD90F-6E86-4BFA-9A9E-DF5764E99653}.Debug|Any CPU.ActiveCfg = Debug|Any CPU
		{712DD90F-6E86-4BFA-9A9E-DF5764E99653}.Debug|Any CPU.Build.0 = Debug|Any CPU
		{712DD90F-6E86-4BFA-9A9E-DF5764E99653}.Release|Any CPU.ActiveCfg = Release|Any CPU
		{712DD90F-6E86-4BFA-9A9E-DF5764E99653}.Release|Any CPU.Build.0 = Release|Any CPU
	EndGlobalSection
	GlobalSection(SolutionProperties) = preSolution
		HideSolutionNode = FALSE
	EndGlobalSection
	GlobalSection(ExtensibilityGlobals) = postSolution
		SolutionGuid = {010437EF-B74E-4158-9656-763486831D60}
	EndGlobalSection
EndGlobal
